
Microsoft Visual Studio Solution File, Format Version 12.00
# Visual Studio Version 17
VisualStudioVersion = 17.1.32319.34
MinimumVisualStudioVersion = 10.0.40219.1
Project("{9A19103F-16F7-4668-BE54-9A1E7A4F7556}") = "MyFirstConsoleApp", "MyFirstConsoleApp\MyFirstConsoleApp.csproj", "{3CE9DD62-0507-45B4-9919-9675F678EA4C}"
EndProject
Project("{9A19103F-16F7-4668-BE54-9A1E7A4F7556}") = "MySecondConsoleApp", "MySecondConsoleApp\MySecondConsoleApp.csproj", "{DF4F4991-D741-4608-A613-30DD51FADAB1}"
EndProject
Project("{9A19103F-16F7-4668-BE54-9A1E7A4F7556}") = "TrainerTraineeApp", "TrainerTraineeApp\TrainerTraineeApp.csproj", "{FD371A1D-94B1-4F2C-A67E-5DBE8E8AF3C4}"
EndProject
Project("{9A19103F-16F7-4668-BE54-9A1E7A4F7556}") = "LanguageFundamentals", "LanguageFundamentals\LanguageFundamentals.csproj", "{CCE53B73-35CE-490B-898E-3DA0489730DF}"
EndProject
Project("{9A19103F-16F7-4668-BE54-9A1E7A4F7556}") = "ConsoleApp1", "ConsoleApp1\ConsoleApp1.csproj", "{03D1C8C3-9932-4B9A-8360-76DAA4450F60}"
EndProject
Project("{9A19103F-16F7-4668-BE54-9A1E7A4F7556}") = "ConsoleApp2", "ConsoleApp2\ConsoleApp2.csproj", "{E2E19C31-CD1B-4733-A38B-77A2C44D1159}"
EndProject
Project("{2150E333-8FDC-42A3-9474-1A3956D46DE8}") = "Lab Documents", "Lab Documents", "{2ADC8D55-25F3-49B2-B819-03EBC2491014}"
	ProjectSection(SolutionItems) = preProject
		..\..\..\..\Training Materials 2020\S\Materials and Labs\Materials and Labs\Eurofins April 2019 Batch\Iteration 1\CSharp Programming - Venkat.pdf = ..\..\..\..\Training Materials 2020\S\Materials and Labs\Materials and Labs\Eurofins April 2019 Batch\Iteration 1\CSharp Programming - Venkat.pdf
	EndProjectSection
EndProject
Project("{9A19103F-16F7-4668-BE54-9A1E7A4F7556}") = "Labs and Ref", "Labs and Ref\Labs and Ref.csproj", "{FDEA005F-67C8-4F5A-A65A-558D0AE615E2}"
EndProject
Project("{9A19103F-16F7-4668-BE54-9A1E7A4F7556}") = "InheritanceAndPolymorphism", "InheritanceAndPolymorphism\InheritanceAndPolymorphism.csproj", "{ED2E6610-EB25-4A8C-983C-7BABBCC3D1E8}"
EndProject
Project("{2150E333-8FDC-42A3-9474-1A3956D46DE8}") = "Collections and Generics", "Collections and Generics", "{E7A34E66-0607-4914-BA55-01B3EDECAA3C}"
EndProject
Project("{9A19103F-16F7-4668-BE54-9A1E7A4F7556}") = "CollectionsAndGenericsDemo1", "CollectionsAndGenericsDemo1\CollectionsAndGenericsDemo1.csproj", "{FB494E46-148B-44FE-9FC1-ACC3F846BF9B}"
EndProject
Project("{9A19103F-16F7-4668-BE54-9A1E7A4F7556}") = "DynamicCollectionsDemo1", "DynamicCollectionsDemo1\DynamicCollectionsDemo1.csproj", "{E04B18E0-2BF5-4C86-9029-4745505CDB01}"
EndProject
Project("{9A19103F-16F7-4668-BE54-9A1E7A4F7556}") = "GenericCollectionDemo1", "GenericCollectionDemo1\GenericCollectionDemo1.csproj", "{3C72A0F3-4A6D-4E2F-BBAF-232B4B4737C9}"
EndProject
Project("{9A19103F-16F7-4668-BE54-9A1E7A4F7556}") = "CompanyOrdersCaseStudy", "CompanyOrdersCaseStudy\CompanyOrdersCaseStudy.csproj", "{9A591F82-F267-4CAF-AF9B-4580E2BE004E}"
EndProject
Project("{9A19103F-16F7-4668-BE54-9A1E7A4F7556}") = "OODesignDemo", "OODesignDemo\OODesignDemo.csproj", "{BE85BCB8-45EE-4A9B-AC55-8EFE05CF337F}"
EndProject
Project("{2150E333-8FDC-42A3-9474-1A3956D46DE8}") = "Exceptions Demo", "Exceptions Demo", "{866202AF-BDAC-48C6-969B-FF4668D5A912}"
EndProject
Project("{FAE04EC0-301F-11D3-BF4B-00C04F79EFBC}") = "SimpleCalculatorConsoleApp", "SimpleCalculatorConsoleApp\SimpleCalculatorConsoleApp.csproj", "{9F5085BE-D2CB-4726-8C25-E766E0078538}"
EndProject
Project("{FAE04EC0-301F-11D3-BF4B-00C04F79EFBC}") = "SimpleMathLibrary", "SimpleMathLibrary\SimpleMathLibrary.csproj", "{99A3CBB9-83F4-4324-9AA4-D49EDFB2785D}"
EndProject
Project("{FAE04EC0-301F-11D3-BF4B-00C04F79EFBC}") = "SimpleCalculatorWinFormsApp", "SimpleCalculatorWinFormsApp\SimpleCalculatorWinFormsApp.csproj", "{A6406841-1BA4-497C-9AD1-8A676193A8FD}"
EndProject
Project("{FAE04EC0-301F-11D3-BF4B-00C04F79EFBC}") = "WebApplication2", "WebApplication2\WebApplication2.csproj", "{9D6731A6-D544-4652-910F-E544A0A0EF5C}"
EndProject
Global
	GlobalSection(SolutionConfigurationPlatforms) = preSolution
		Debug|Any CPU = Debug|Any CPU
		Release|Any CPU = Release|Any CPU
	EndGlobalSection
	GlobalSection(ProjectConfigurationPlatforms) = postSolution
		{3CE9DD62-0507-45B4-9919-9675F678EA4C}.Debug|Any CPU.ActiveCfg = Debug|Any CPU
		{3CE9DD62-0507-45B4-9919-9675F678EA4C}.Debug|Any CPU.Build.0 = Debug|Any CPU
		{3CE9DD62-0507-45B4-9919-9675F678EA4C}.Release|Any CPU.ActiveCfg = Release|Any CPU
		{3CE9DD62-0507-45B4-9919-9675F678EA4C}.Release|Any CPU.Build.0 = Release|Any CPU
		{DF4F4991-D741-4608-A613-30DD51FADAB1}.Debug|Any CPU.ActiveCfg = Debug|Any CPU
		{DF4F4991-D741-4608-A613-30DD51FADAB1}.Debug|Any CPU.Build.0 = Debug|Any CPU
		{DF4F4991-D741-4608-A613-30DD51FADAB1}.Release|Any CPU.ActiveCfg = Release|Any CPU
		{DF4F4991-D741-4608-A613-30DD51FADAB1}.Release|Any CPU.Build.0 = Release|Any CPU
		{FD371A1D-94B1-4F2C-A67E-5DBE8E8AF3C4}.Debug|Any CPU.ActiveCfg = Debug|Any CPU
		{FD371A1D-94B1-4F2C-A67E-5DBE8E8AF3C4}.Debug|Any CPU.Build.0 = Debug|Any CPU
		{FD371A1D-94B1-4F2C-A67E-5DBE8E8AF3C4}.Release|Any CPU.ActiveCfg = Release|Any CPU
		{FD371A1D-94B1-4F2C-A67E-5DBE8E8AF3C4}.Release|Any CPU.Build.0 = Release|Any CPU
		{CCE53B73-35CE-490B-898E-3DA0489730DF}.Debug|Any CPU.ActiveCfg = Debug|Any CPU
		{CCE53B73-35CE-490B-898E-3DA0489730DF}.Debug|Any CPU.Build.0 = Debug|Any CPU
		{CCE53B73-35CE-490B-898E-3DA0489730DF}.Release|Any CPU.ActiveCfg = Release|Any CPU
		{CCE53B73-35CE-490B-898E-3DA0489730DF}.Release|Any CPU.Build.0 = Release|Any CPU
		{03D1C8C3-9932-4B9A-8360-76DAA4450F60}.Debug|Any CPU.ActiveCfg = Debug|Any CPU
		{03D1C8C3-9932-4B9A-8360-76DAA4450F60}.Debug|Any CPU.Build.0 = Debug|Any CPU
		{03D1C8C3-9932-4B9A-8360-76DAA4450F60}.Release|Any CPU.ActiveCfg = Release|Any CPU
		{03D1C8C3-9932-4B9A-8360-76DAA4450F60}.Release|Any CPU.Build.0 = Release|Any CPU
		{E2E19C31-CD1B-4733-A38B-77A2C44D1159}.Debug|Any CPU.ActiveCfg = Debug|Any CPU
		{E2E19C31-CD1B-4733-A38B-77A2C44D1159}.Debug|Any CPU.Build.0 = Debug|Any CPU
		{E2E19C31-CD1B-4733-A38B-77A2C44D1159}.Release|Any CPU.ActiveCfg = Release|Any CPU
		{E2E19C31-CD1B-4733-A38B-77A2C44D1159}.Release|Any CPU.Build.0 = Release|Any CPU
		{FDEA005F-67C8-4F5A-A65A-558D0AE615E2}.Debug|Any CPU.ActiveCfg = Debug|Any CPU
		{FDEA005F-67C8-4F5A-A65A-558D0AE615E2}.Debug|Any CPU.Build.0 = Debug|Any CPU
		{FDEA005F-67C8-4F5A-A65A-558D0AE615E2}.Release|Any CPU.ActiveCfg = Release|Any CPU
		{FDEA005F-67C8-4F5A-A65A-558D0AE615E2}.Release|Any CPU.Build.0 = Release|Any CPU
		{ED2E6610-EB25-4A8C-983C-7BABBCC3D1E8}.Debug|Any CPU.ActiveCfg = Debug|Any CPU
		{ED2E6610-EB25-4A8C-983C-7BABBCC3D1E8}.Debug|Any CPU.Build.0 = Debug|Any CPU
		{ED2E6610-EB25-4A8C-983C-7BABBCC3D1E8}.Release|Any CPU.ActiveCfg = Release|Any CPU
		{ED2E6610-EB25-4A8C-983C-7BABBCC3D1E8}.Release|Any CPU.Build.0 = Release|Any CPU
		{FB494E46-148B-44FE-9FC1-ACC3F846BF9B}.Debug|Any CPU.ActiveCfg = Debug|Any CPU
		{FB494E46-148B-44FE-9FC1-ACC3F846BF9B}.Debug|Any CPU.Build.0 = Debug|Any CPU
		{FB494E46-148B-44FE-9FC1-ACC3F846BF9B}.Release|Any CPU.ActiveCfg = Release|Any CPU
		{FB494E46-148B-44FE-9FC1-ACC3F846BF9B}.Release|Any CPU.Build.0 = Release|Any CPU
		{E04B18E0-2BF5-4C86-9029-4745505CDB01}.Debug|Any CPU.ActiveCfg = Debug|Any CPU
		{E04B18E0-2BF5-4C86-9029-4745505CDB01}.Debug|Any CPU.Build.0 = Debug|Any CPU
		{E04B18E0-2BF5-4C86-9029-4745505CDB01}.Release|Any CPU.ActiveCfg = Release|Any CPU
		{E04B18E0-2BF5-4C86-9029-4745505CDB01}.Release|Any CPU.Build.0 = Release|Any CPU
		{3C72A0F3-4A6D-4E2F-BBAF-232B4B4737C9}.Debug|Any CPU.ActiveCfg = Debug|Any CPU
		{3C72A0F3-4A6D-4E2F-BBAF-232B4B4737C9}.Debug|Any CPU.Build.0 = Debug|Any CPU
		{3C72A0F3-4A6D-4E2F-BBAF-232B4B4737C9}.Release|Any CPU.ActiveCfg = Release|Any CPU
		{3C72A0F3-4A6D-4E2F-BBAF-232B4B4737C9}.Release|Any CPU.Build.0 = Release|Any CPU
		{9A591F82-F267-4CAF-AF9B-4580E2BE004E}.Debug|Any CPU.ActiveCfg = Debug|Any CPU
		{9A591F82-F267-4CAF-AF9B-4580E2BE004E}.Debug|Any CPU.Build.0 = Debug|Any CPU
		{9A591F82-F267-4CAF-AF9B-4580E2BE004E}.Release|Any CPU.ActiveCfg = Release|Any CPU
		{9A591F82-F267-4CAF-AF9B-4580E2BE004E}.Release|Any CPU.Build.0 = Release|Any CPU
		{BE85BCB8-45EE-4A9B-AC55-8EFE05CF337F}.Debug|Any CPU.ActiveCfg = Debug|Any CPU
		{BE85BCB8-45EE-4A9B-AC55-8EFE05CF337F}.Debug|Any CPU.Build.0 = Debug|Any CPU
		{BE85BCB8-45EE-4A9B-AC55-8EFE05CF337F}.Release|Any CPU.ActiveCfg = Release|Any CPU
		{BE85BCB8-45EE-4A9B-AC55-8EFE05CF337F}.Release|Any CPU.Build.0 = Release|Any CPU
		{9F5085BE-D2CB-4726-8C25-E766E0078538}.Debug|Any CPU.ActiveCfg = Debug|Any CPU
		{9F5085BE-D2CB-4726-8C25-E766E0078538}.Debug|Any CPU.Build.0 = Debug|Any CPU
		{9F5085BE-D2CB-4726-8C25-E766E0078538}.Release|Any CPU.ActiveCfg = Release|Any CPU
		{9F5085BE-D2CB-4726-8C25-E766E0078538}.Release|Any CPU.Build.0 = Release|Any CPU
		{99A3CBB9-83F4-4324-9AA4-D49EDFB2785D}.Debug|Any CPU.ActiveCfg = Debug|Any CPU
		{99A3CBB9-83F4-4324-9AA4-D49EDFB2785D}.Debug|Any CPU.Build.0 = Debug|Any CPU
		{99A3CBB9-83F4-4324-9AA4-D49EDFB2785D}.Release|Any CPU.ActiveCfg = Release|Any CPU
		{99A3CBB9-83F4-4324-9AA4-D49EDFB2785D}.Release|Any CPU.Build.0 = Release|Any CPU
		{A6406841-1BA4-497C-9AD1-8A676193A8FD}.Debug|Any CPU.ActiveCfg = Debug|Any CPU
		{A6406841-1BA4-497C-9AD1-8A676193A8FD}.Debug|Any CPU.Build.0 = Debug|Any CPU
		{A6406841-1BA4-497C-9AD1-8A676193A8FD}.Release|Any CPU.ActiveCfg = Release|Any CPU
		{A6406841-1BA4-497C-9AD1-8A676193A8FD}.Release|Any CPU.Build.0 = Release|Any CPU
		{9D6731A6-D544-4652-910F-E544A0A0EF5C}.Debug|Any CPU.ActiveCfg = Debug|Any CPU
		{9D6731A6-D544-4652-910F-E544A0A0EF5C}.Debug|Any CPU.Build.0 = Debug|Any CPU
		{9D6731A6-D544-4652-910F-E544A0A0EF5C}.Release|Any CPU.ActiveCfg = Release|Any CPU
		{9D6731A6-D544-4652-910F-E544A0A0EF5C}.Release|Any CPU.Build.0 = Release|Any CPU
	EndGlobalSection
	GlobalSection(SolutionProperties) = preSolution
		HideSolutionNode = FALSE
	EndGlobalSection
	GlobalSection(NestedProjects) = preSolution
		{FB494E46-148B-44FE-9FC1-ACC3F846BF9B} = {E7A34E66-0607-4914-BA55-01B3EDECAA3C}
		{E04B18E0-2BF5-4C86-9029-4745505CDB01} = {E7A34E66-0607-4914-BA55-01B3EDECAA3C}
		{3C72A0F3-4A6D-4E2F-BBAF-232B4B4737C9} = {E7A34E66-0607-4914-BA55-01B3EDECAA3C}
		{9A591F82-F267-4CAF-AF9B-4580E2BE004E} = {E7A34E66-0607-4914-BA55-01B3EDECAA3C}
		{9F5085BE-D2CB-4726-8C25-E766E0078538} = {866202AF-BDAC-48C6-969B-FF4668D5A912}
		{99A3CBB9-83F4-4324-9AA4-D49EDFB2785D} = {866202AF-BDAC-48C6-969B-FF4668D5A912}
		{A6406841-1BA4-497C-9AD1-8A676193A8FD} = {866202AF-BDAC-48C6-969B-FF4668D5A912}
		{9D6731A6-D544-4652-910F-E544A0A0EF5C} = {866202AF-BDAC-48C6-969B-FF4668D5A912}
	EndGlobalSection
	GlobalSection(ExtensibilityGlobals) = postSolution
		SolutionGuid = {664F96B1-40FB-4496-9BFA-F59A88B5A90C}
	EndGlobalSection
EndGlobal
